// !$*UTF8*$!
{
	archiveVersion = 1;
	classes = {
	};
	objectVersion = 51;
	objects = {

/* Begin PBXBuildFile section */
		3FCDA2254F4E3F260C48E6A6 /* Pods_Pet_Stories.framework in Frameworks */ = {isa = PBXBuildFile; fileRef = 66915373DBF58090F5F045AD /* Pods_Pet_Stories.framework */; };
		A31E6596240EAC9600BEF622 /* AppDelegate.swift in Sources */ = {isa = PBXBuildFile; fileRef = A31E6595240EAC9600BEF622 /* AppDelegate.swift */; };
		A31E659D240EAC9600BEF622 /* Main.storyboard in Resources */ = {isa = PBXBuildFile; fileRef = A31E659B240EAC9600BEF622 /* Main.storyboard */; };
		A31E659F240EAC9700BEF622 /* Assets.xcassets in Resources */ = {isa = PBXBuildFile; fileRef = A31E659E240EAC9700BEF622 /* Assets.xcassets */; };
		A31E65A2240EAC9700BEF622 /* LaunchScreen.storyboard in Resources */ = {isa = PBXBuildFile; fileRef = A31E65A0240EAC9700BEF622 /* LaunchScreen.storyboard */; };
		A31E65B1240EB56400BEF622 /* GoogleService-Info.plist in Resources */ = {isa = PBXBuildFile; fileRef = A31E65B0240EB56400BEF622 /* GoogleService-Info.plist */; };
		A31E65C92416A8C600BEF622 /* LoginVC.swift in Sources */ = {isa = PBXBuildFile; fileRef = A31E65C82416A8C600BEF622 /* LoginVC.swift */; };
		A31E65CB2416AB9000BEF622 /* Extensioins.swift in Sources */ = {isa = PBXBuildFile; fileRef = A31E65CA2416AB9000BEF622 /* Extensioins.swift */; };
		A31E65CD2419265300BEF622 /* SignUpVC.swift in Sources */ = {isa = PBXBuildFile; fileRef = A31E65CC2419265300BEF622 /* SignUpVC.swift */; };
/* End PBXBuildFile section */

/* Begin PBXFileReference section */
		66915373DBF58090F5F045AD /* Pods_Pet_Stories.framework */ = {isa = PBXFileReference; explicitFileType = wrapper.framework; includeInIndex = 0; path = Pods_Pet_Stories.framework; sourceTree = BUILT_PRODUCTS_DIR; };
		A31E6592240EAC9600BEF622 /* Pet Stories.app */ = {isa = PBXFileReference; explicitFileType = wrapper.application; includeInIndex = 0; path = "Pet Stories.app"; sourceTree = BUILT_PRODUCTS_DIR; };
		A31E6595240EAC9600BEF622 /* AppDelegate.swift */ = {isa = PBXFileReference; lastKnownFileType = sourcecode.swift; path = AppDelegate.swift; sourceTree = "<group>"; };
		A31E659C240EAC9600BEF622 /* Base */ = {isa = PBXFileReference; lastKnownFileType = file.storyboard; name = Base; path = Base.lproj/Main.storyboard; sourceTree = "<group>"; };
		A31E659E240EAC9700BEF622 /* Assets.xcassets */ = {isa = PBXFileReference; lastKnownFileType = folder.assetcatalog; path = Assets.xcassets; sourceTree = "<group>"; };
		A31E65A1240EAC9700BEF622 /* Base */ = {isa = PBXFileReference; lastKnownFileType = file.storyboard; name = Base; path = Base.lproj/LaunchScreen.storyboard; sourceTree = "<group>"; };
		A31E65A3240EAC9700BEF622 /* Info.plist */ = {isa = PBXFileReference; lastKnownFileType = text.plist.xml; path = Info.plist; sourceTree = "<group>"; };
		A31E65B0240EB56400BEF622 /* GoogleService-Info.plist */ = {isa = PBXFileReference; fileEncoding = 4; lastKnownFileType = text.plist.xml; path = "GoogleService-Info.plist"; sourceTree = "<group>"; };
		A31E65C82416A8C600BEF622 /* LoginVC.swift */ = {isa = PBXFileReference; lastKnownFileType = sourcecode.swift; path = LoginVC.swift; sourceTree = "<group>"; };
		A31E65CA2416AB9000BEF622 /* Extensioins.swift */ = {isa = PBXFileReference; lastKnownFileType = sourcecode.swift; path = Extensioins.swift; sourceTree = "<group>"; };
		A31E65CC2419265300BEF622 /* SignUpVC.swift */ = {isa = PBXFileReference; lastKnownFileType = sourcecode.swift; path = SignUpVC.swift; sourceTree = "<group>"; };
		BDB06755E3E746492292F011 /* Pods-Pet Stories.release.xcconfig */ = {isa = PBXFileReference; includeInIndex = 1; lastKnownFileType = text.xcconfig; name = "Pods-Pet Stories.release.xcconfig"; path = "Target Support Files/Pods-Pet Stories/Pods-Pet Stories.release.xcconfig"; sourceTree = "<group>"; };
		DA6FB8D4CB2C6FC81B6D0464 /* Pods-Pet Stories.debug.xcconfig */ = {isa = PBXFileReference; includeInIndex = 1; lastKnownFileType = text.xcconfig; name = "Pods-Pet Stories.debug.xcconfig"; path = "Target Support Files/Pods-Pet Stories/Pods-Pet Stories.debug.xcconfig"; sourceTree = "<group>"; };
/* End PBXFileReference section */

/* Begin PBXFrameworksBuildPhase section */
		A31E658F240EAC9600BEF622 /* Frameworks */ = {
			isa = PBXFrameworksBuildPhase;
			buildActionMask = 2147483647;
			files = (
				3FCDA2254F4E3F260C48E6A6 /* Pods_Pet_Stories.framework in Frameworks */,
			);
			runOnlyForDeploymentPostprocessing = 0;
		};
/* End PBXFrameworksBuildPhase section */

/* Begin PBXGroup section */
		3CB2CEDB7D785C831BC8F709 /* Frameworks */ = {
			isa = PBXGroup;
			children = (
				66915373DBF58090F5F045AD /* Pods_Pet_Stories.framework */,
			);
			name = Frameworks;
			sourceTree = "<group>";
		};
		9B93110B8CE03BCE386C0F1E /* Pods */ = {
			isa = PBXGroup;
			children = (
				DA6FB8D4CB2C6FC81B6D0464 /* Pods-Pet Stories.debug.xcconfig */,
				BDB06755E3E746492292F011 /* Pods-Pet Stories.release.xcconfig */,
			);
			path = Pods;
			sourceTree = "<group>";
		};
		A31E6589240EAC9500BEF622 = {
			isa = PBXGroup;
			children = (
				A31E6594240EAC9600BEF622 /* Pet Stories */,
				A31E6593240EAC9600BEF622 /* Products */,
				9B93110B8CE03BCE386C0F1E /* Pods */,
				3CB2CEDB7D785C831BC8F709 /* Frameworks */,
			);
			sourceTree = "<group>";
		};
		A31E6593240EAC9600BEF622 /* Products */ = {
			isa = PBXGroup;
			children = (
				A31E6592240EAC9600BEF622 /* Pet Stories.app */,
			);
			name = Products;
			sourceTree = "<group>";
		};
		A31E6594240EAC9600BEF622 /* Pet Stories */ = {
			isa = PBXGroup;
			children = (
				A31E65AD240EACFC00BEF622 /* Utils */,
				A31E65AC240EACF000BEF622 /* Extensions */,
				A31E65AB240EACBC00BEF622 /* Model */,
				A31E65AA240EACB300BEF622 /* View */,
				A31E65A9240EACA500BEF622 /* Controller */,
				A31E6595240EAC9600BEF622 /* AppDelegate.swift */,
				A31E65A3240EAC9700BEF622 /* Info.plist */,
				A31E659E240EAC9700BEF622 /* Assets.xcassets */,
				A31E65B0240EB56400BEF622 /* GoogleService-Info.plist */,
			);
			path = "Pet Stories";
			sourceTree = "<group>";
		};
		A31E65A9240EACA500BEF622 /* Controller */ = {
			isa = PBXGroup;
			children = (
				A31E65C82416A8C600BEF622 /* LoginVC.swift */,
				A31E65CC2419265300BEF622 /* SignUpVC.swift */,
			);
			path = Controller;
			sourceTree = "<group>";
		};
		A31E65AA240EACB300BEF622 /* View */ = {
			isa = PBXGroup;
			children = (
				A31E659B240EAC9600BEF622 /* Main.storyboard */,
				A31E65A0240EAC9700BEF622 /* LaunchScreen.storyboard */,
			);
			path = View;
			sourceTree = "<group>";
		};
		A31E65AB240EACBC00BEF622 /* Model */ = {
			isa = PBXGroup;
			children = (
			);
			path = Model;
			sourceTree = "<group>";
		};
		A31E65AC240EACF000BEF622 /* Extensions */ = {
			isa = PBXGroup;
			children = (
			);
			path = Extensions;
			sourceTree = "<group>";
		};
		A31E65AD240EACFC00BEF622 /* Utils */ = {
			isa = PBXGroup;
			children = (
				A31E65CA2416AB9000BEF622 /* Extensioins.swift */,
			);
			path = Utils;
			sourceTree = "<group>";
		};
/* End PBXGroup section */

/* Begin PBXNativeTarget section */
		A31E6591240EAC9600BEF622 /* Pet Stories */ = {
			isa = PBXNativeTarget;
			buildConfigurationList = A31E65A6240EAC9700BEF622 /* Build configuration list for PBXNativeTarget "Pet Stories" */;
			buildPhases = (
				DA75AEBDE8CD45183B7618DC /* [CP] Check Pods Manifest.lock */,
				A31E658E240EAC9600BEF622 /* Sources */,
				A31E658F240EAC9600BEF622 /* Frameworks */,
				A31E6590240EAC9600BEF622 /* Resources */,
				C9B89D1F6941459AD6559D4A /* [CP] Embed Pods Frameworks */,
			);
			buildRules = (
			);
			dependencies = (
			);
			name = "Pet Stories";
			productName = "Pet Stories";
			productReference = A31E6592240EAC9600BEF622 /* Pet Stories.app */;
			productType = "com.apple.product-type.application";
		};
/* End PBXNativeTarget section */

/* Begin PBXProject section */
		A31E658A240EAC9500BEF622 /* Project object */ = {
			isa = PBXProject;
			attributes = {
				LastSwiftUpdateCheck = 1030;
				LastUpgradeCheck = 1030;
				ORGANIZATIONNAME = "milind shelat";
				TargetAttributes = {
					A31E6591240EAC9600BEF622 = {
						CreatedOnToolsVersion = 10.3;
					};
				};
			};
			buildConfigurationList = A31E658D240EAC9500BEF622 /* Build configuration list for PBXProject "Pet Stories" */;
			compatibilityVersion = "Xcode 9.3";
			developmentRegion = en;
			hasScannedForEncodings = 0;
			knownRegions = (
				en,
				Base,
			);
			mainGroup = A31E6589240EAC9500BEF622;
			productRefGroup = A31E6593240EAC9600BEF622 /* Products */;
			projectDirPath = "";
			projectRoot = "";
			targets = (
				A31E6591240EAC9600BEF622 /* Pet Stories */,
			);
		};
/* End PBXProject section */

/* Begin PBXResourcesBuildPhase section */
		A31E6590240EAC9600BEF622 /* Resources */ = {
			isa = PBXResourcesBuildPhase;
			buildActionMask = 2147483647;
			files = (
				A31E65A2240EAC9700BEF622 /* LaunchScreen.storyboard in Resources */,
				A31E659F240EAC9700BEF622 /* Assets.xcassets in Resources */,
				A31E659D240EAC9600BEF622 /* Main.storyboard in Resources */,
				A31E65B1240EB56400BEF622 /* GoogleService-Info.plist in Resources */,
			);
			runOnlyForDeploymentPostprocessing = 0;
		};
/* End PBXResourcesBuildPhase section */

/* Begin PBXShellScriptBuildPhase section */
		C9B89D1F6941459AD6559D4A /* [CP] Embed Pods Frameworks */ = {
			isa = PBXShellScriptBuildPhase;
			buildActionMask = 2147483647;
			files = (
			);
			inputFileListPaths = (
				"${PODS_ROOT}/Target Support Files/Pods-Pet Stories/Pods-Pet Stories-frameworks-${CONFIGURATION}-input-files.xcfilelist",
			);
			name = "[CP] Embed Pods Frameworks";
			outputFileListPaths = (
				"${PODS_ROOT}/Target Support Files/Pods-Pet Stories/Pods-Pet Stories-frameworks-${CONFIGURATION}-output-files.xcfilelist",
			);
			runOnlyForDeploymentPostprocessing = 0;
			shellPath = /bin/sh;
			shellScript = "\"${PODS_ROOT}/Target Support Files/Pods-Pet Stories/Pods-Pet Stories-frameworks.sh\"\n";
			showEnvVarsInLog = 0;
		};
		DA75AEBDE8CD45183B7618DC /* [CP] Check Pods Manifest.lock */ = {
			isa = PBXShellScriptBuildPhase;
			buildActionMask = 2147483647;
			files = (
			);
			inputFileListPaths = (
			);
			inputPaths = (
				"${PODS_PODFILE_DIR_PATH}/Podfile.lock",
				"${PODS_ROOT}/Manifest.lock",
			);
			name = "[CP] Check Pods Manifest.lock";
			outputFileListPaths = (
			);
			outputPaths = (
				"$(DERIVED_FILE_DIR)/Pods-Pet Stories-checkManifestLockResult.txt",
			);
			runOnlyForDeploymentPostprocessing = 0;
			shellPath = /bin/sh;
			shellScript = "diff \"${PODS_PODFILE_DIR_PATH}/Podfile.lock\" \"${PODS_ROOT}/Manifest.lock\" > /dev/null\nif [ $? != 0 ] ; then\n    # print error to STDERR\n    echo \"error: The sandbox is not in sync with the Podfile.lock. Run 'pod install' or update your CocoaPods installation.\" >&2\n    exit 1\nfi\n# This output is used by Xcode 'outputs' to avoid re-running this script phase.\necho \"SUCCESS\" > \"${SCRIPT_OUTPUT_FILE_0}\"\n";
			showEnvVarsInLog = 0;
		};
/* End PBXShellScriptBuildPhase section */

/* Begin PBXSourcesBuildPhase section */
		A31E658E240EAC9600BEF622 /* Sources */ = {
			isa = PBXSourcesBuildPhase;
			buildActionMask = 2147483647;
			files = (
				A31E65CD2419265300BEF622 /* SignUpVC.swift in Sources */,
				A31E65CB2416AB9000BEF622 /* Extensioins.swift in Sources */,
				A31E6596240EAC9600BEF622 /* AppDelegate.swift in Sources */,
				A31E65C92416A8C600BEF622 /* LoginVC.swift in Sources */,
			);
			runOnlyForDeploymentPostprocessing = 0;
		};
/* End PBXSourcesBuildPhase section */

/* Begin PBXVariantGroup section */
		A31E659B240EAC9600BEF622 /* Main.storyboard */ = {
			isa = PBXVariantGroup;
			children = (
				A31E659C240EAC9600BEF622 /* Base */,
			);
			name = Main.storyboard;
			sourceTree = "<group>";
		};
		A31E65A0240EAC9700BEF622 /* LaunchScreen.storyboard */ = {
			isa = PBXVariantGroup;
			children = (
				A31E65A1240EAC9700BEF622 /* Base */,
			);
			name = LaunchScreen.storyboard;
			sourceTree = "<group>";
		};
/* End PBXVariantGroup section */

/* Begin XCBuildConfiguration section */
		A31E65A4240EAC9700BEF622 /* Debug */ = {
			isa = XCBuildConfiguration;
			buildSettings = {
				ALWAYS_SEARCH_USER_PATHS = NO;
				CLANG_ANALYZER_NONNULL = YES;
				CLANG_ANALYZER_NUMBER_OBJECT_CONVERSION = YES_AGGRESSIVE;
				CLANG_CXX_LANGUAGE_STANDARD = "gnu++14";
				CLANG_CXX_LIBRARY = "libc++";
				CLANG_ENABLE_MODULES = YES;
				CLANG_ENABLE_OBJC_ARC = YES;
				CLANG_ENABLE_OBJC_WEAK = YES;
				CLANG_WARN_BLOCK_CAPTURE_AUTORELEASING = YES;
				CLANG_WARN_BOOL_CONVERSION = YES;
				CLANG_WARN_COMMA = YES;
				CLANG_WARN_CONSTANT_CONVERSION = YES;
				CLANG_WARN_DEPRECATED_OBJC_IMPLEMENTATIONS = YES;
				CLANG_WARN_DIRECT_OBJC_ISA_USAGE = YES_ERROR;
				CLANG_WARN_DOCUMENTATION_COMMENTS = YES;
				CLANG_WARN_EMPTY_BODY = YES;
				CLANG_WARN_ENUM_CONVERSION = YES;
				CLANG_WARN_INFINITE_RECURSION = YES;
				CLANG_WARN_INT_CONVERSION = YES;
				CLANG_WARN_NON_LITERAL_NULL_CONVERSION = YES;
				CLANG_WARN_OBJC_IMPLICIT_RETAIN_SELF = YES;
				CLANG_WARN_OBJC_LITERAL_CONVERSION = YES;
				CLANG_WARN_OBJC_ROOT_CLASS = YES_ERROR;
				CLANG_WARN_RANGE_LOOP_ANALYSIS = YES;
				CLANG_WARN_STRICT_PROTOTYPES = YES;
				CLANG_WARN_SUSPICIOUS_MOVE = YES;
				CLANG_WARN_UNGUARDED_AVAILABILITY = YES_AGGRESSIVE;
				CLANG_WARN_UNREACHABLE_CODE = YES;
				CLANG_WARN__DUPLICATE_METHOD_MATCH = YES;
				CODE_SIGN_IDENTITY = "iPhone Developer";
				COPY_PHASE_STRIP = NO;
				DEBUG_INFORMATION_FORMAT = dwarf;
				ENABLE_STRICT_OBJC_MSGSEND = YES;
				ENABLE_TESTABILITY = YES;
				GCC_C_LANGUAGE_STANDARD = gnu11;
				GCC_DYNAMIC_NO_PIC = NO;
				GCC_NO_COMMON_BLOCKS = YES;
				GCC_OPTIMIZATION_LEVEL = 0;
				GCC_PREPROCESSOR_DEFINITIONS = (
					"DEBUG=1",
					"$(inherited)",
				);
				GCC_WARN_64_TO_32_BIT_CONVERSION = YES;
				GCC_WARN_ABOUT_RETURN_TYPE = YES_ERROR;
				GCC_WARN_UNDECLARED_SELECTOR = YES;
				GCC_WARN_UNINITIALIZED_AUTOS = YES_AGGRESSIVE;
				GCC_WARN_UNUSED_FUNCTION = YES;
				GCC_WARN_UNUSED_VARIABLE = YES;
				IPHONEOS_DEPLOYMENT_TARGET = 12.4;
				MTL_ENABLE_DEBUG_INFO = INCLUDE_SOURCE;
				MTL_FAST_MATH = YES;
				ONLY_ACTIVE_ARCH = YES;
				SDKROOT = iphoneos;
				SWIFT_ACTIVE_COMPILATION_CONDITIONS = DEBUG;
				SWIFT_OPTIMIZATION_LEVEL = "-Onone";
			};
			name = Debug;
		};
		A31E65A5240EAC9700BEF622 /* Release */ = {
			isa = XCBuildConfiguration;
			buildSettings = {
				ALWAYS_SEARCH_USER_PATHS = NO;
				CLANG_ANALYZER_NONNULL = YES;
				CLANG_ANALYZER_NUMBER_OBJECT_CONVERSION = YES_AGGRESSIVE;
				CLANG_CXX_LANGUAGE_STANDARD = "gnu++14";
				CLANG_CXX_LIBRARY = "libc++";
				CLANG_ENABLE_MODULES = YES;
				CLANG_ENABLE_OBJC_ARC = YES;
				CLANG_ENABLE_OBJC_WEAK = YES;
				CLANG_WARN_BLOCK_CAPTURE_AUTORELEASING = YES;
				CLANG_WARN_BOOL_CONVERSION = YES;
				CLANG_WARN_COMMA = YES;
				CLANG_WARN_CONSTANT_CONVERSION = YES;
				CLANG_WARN_DEPRECATED_OBJC_IMPLEMENTATIONS = YES;
				CLANG_WARN_DIRECT_OBJC_ISA_USAGE = YES_ERROR;
				CLANG_WARN_DOCUMENTATION_COMMENTS = YES;
				CLANG_WARN_EMPTY_BODY = YES;
				CLANG_WARN_ENUM_CONVERSION = YES;
				CLANG_WARN_INFINITE_RECURSION = YES;
				CLANG_WARN_INT_CONVERSION = YES;
				CLANG_WARN_NON_LITERAL_NULL_CONVERSION = YES;
				CLANG_WARN_OBJC_IMPLICIT_RETAIN_SELF = YES;
				CLANG_WARN_OBJC_LITERAL_CONVERSION = YES;
				CLANG_WARN_OBJC_ROOT_CLASS = YES_ERROR;
				CLANG_WARN_RANGE_LOOP_ANALYSIS = YES;
				CLANG_WARN_STRICT_PROTOTYPES = YES;
				CLANG_WARN_SUSPICIOUS_MOVE = YES;
				CLANG_WARN_UNGUARDED_AVAILABILITY = YES_AGGRESSIVE;
				CLANG_WARN_UNREACHABLE_CODE = YES;
				CLANG_WARN__DUPLICATE_METHOD_MATCH = YES;
				CODE_SIGN_IDENTITY = "iPhone Developer";
				COPY_PHASE_STRIP = NO;
				DEBUG_INFORMATION_FORMAT = "dwarf-with-dsym";
				ENABLE_NS_ASSERTIONS = NO;
				ENABLE_STRICT_OBJC_MSGSEND = YES;
				GCC_C_LANGUAGE_STANDARD = gnu11;
				GCC_NO_COMMON_BLOCKS = YES;
				GCC_WARN_64_TO_32_BIT_CONVERSION = YES;
				GCC_WARN_ABOUT_RETURN_TYPE = YES_ERROR;
				GCC_WARN_UNDECLARED_SELECTOR = YES;
				GCC_WARN_UNINITIALIZED_AUTOS = YES_AGGRESSIVE;
				GCC_WARN_UNUSED_FUNCTION = YES;
				GCC_WARN_UNUSED_VARIABLE = YES;
				IPHONEOS_DEPLOYMENT_TARGET = 12.4;
				MTL_ENABLE_DEBUG_INFO = NO;
				MTL_FAST_MATH = YES;
				SDKROOT = iphoneos;
				SWIFT_COMPILATION_MODE = wholemodule;
				SWIFT_OPTIMIZATION_LEVEL = "-O";
				VALIDATE_PRODUCT = YES;
			};
			name = Release;
		};
		A31E65A7240EAC9700BEF622 /* Debug */ = {
			isa = XCBuildConfiguration;
			baseConfigurationReference = DA6FB8D4CB2C6FC81B6D0464 /* Pods-Pet Stories.debug.xcconfig */;
			buildSettings = {
				ASSETCATALOG_COMPILER_APPICON_NAME = AppIcon;
				CODE_SIGN_STYLE = Automatic;
				DEVELOPMENT_TEAM = N9BZU92W5H;
				INFOPLIST_FILE = "Pet Stories/Info.plist";
				LD_RUNPATH_SEARCH_PATHS = (
					"$(inherited)",
					"@executable_path/Frameworks",
				);
				PRODUCT_BUNDLE_IDENTIFIER = "com.milind96.Pet-Stories";
				PRODUCT_NAME = "$(TARGET_NAME)";
				SWIFT_VERSION = 5.0;
				TARGETED_DEVICE_FAMILY = "1,2";
			};
			name = Debug;
		};
		A31E65A8240EAC9700BEF622 /* Release */ = {
			isa = XCBuildConfiguration;
			baseConfigurationReference = BDB06755E3E746492292F011 /* Pods-Pet Stories.release.xcconfig */;
			buildSettings = {
				ASSETCATALOG_COMPILER_APPICON_NAME = AppIcon;
				CODE_SIGN_STYLE = Automatic;
				DEVELOPMENT_TEAM = N9BZU92W5H;
				INFOPLIST_FILE = "Pet Stories/Info.plist";
				LD_RUNPATH_SEARCH_PATHS = (
					"$(inherited)",
					"@executable_path/Frameworks",
				);
				PRODUCT_BUNDLE_IDENTIFIER = "com.milind96.Pet-Stories";
				PRODUCT_NAME = "$(TARGET_NAME)";
				SWIFT_VERSION = 5.0;
				TARGETED_DEVICE_FAMILY = "1,2";
			};
			name = Release;
		};
/* End XCBuildConfiguration section */

/* Begin XCConfigurationList section */
		A31E658D240EAC9500BEF622 /* Build configuration list for PBXProject "Pet Stories" */ = {
			isa = XCConfigurationList;
			buildConfigurations = (
				A31E65A4240EAC9700BEF622 /* Debug */,
				A31E65A5240EAC9700BEF622 /* Release */,
			);
			defaultConfigurationIsVisible = 0;
			defaultConfigurationName = Release;
		};
		A31E65A6240EAC9700BEF622 /* Build configuration list for PBXNativeTarget "Pet Stories" */ = {
			isa = XCConfigurationList;
			buildConfigurations = (
				A31E65A7240EAC9700BEF622 /* Debug */,
				A31E65A8240EAC9700BEF622 /* Release */,
			);
			defaultConfigurationIsVisible = 0;
			defaultConfigurationName = Release;
		};
/* End XCConfigurationList section */
	};
	rootObject = A31E658A240EAC9500BEF622 /* Project object */;
}
